
Microsoft Visual Studio Solution File, Format Version 12.00
# Visual Studio Version 17
VisualStudioVersion = 17.0.32014.148
MinimumVisualStudioVersion = 10.0.40219.1
Project("{FAE04EC0-301F-11D3-BF4B-00C04F79EFBC}") = "VIN Editor", "VIN Editor\VIN Editor.csproj", "{D49AC5B0-A90C-4B02-8330-E46F08744C3A}"
EndProject
Global
	GlobalSection(SolutionConfigurationPlatforms) = preSolution
		Debug|Any CPU = Debug|Any CPU
		Release|Any CPU = Release|Any CPU
	EndGlobalSection
	GlobalSection(ProjectConfigurationPlatforms) = postSolution
		{D49AC5B0-A90C-4B02-8330-E46F08744C3A}.Debug|Any CPU.ActiveCfg = Debug|Any CPU
		{D49AC5B0-A90C-4B02-8330-E46F08744C3A}.Debug|Any CPU.Build.0 = Debug|Any CPU
		{D49AC5B0-A90C-4B02-8330-E46F08744C3A}.Release|Any CPU.ActiveCfg = Release|Any CPU
		{D49AC5B0-A90C-4B02-8330-E46F08744C3A}.Release|Any CPU.Build.0 = Release|Any CPU
	EndGlobalSection
	GlobalSection(SolutionProperties) = preSolution
		HideSolutionNode = FALSE
	EndGlobalSection
	GlobalSection(ExtensibilityGlobals) = postSolution
		SolutionGuid = {E192A0DC-0D7F-4D2B-849C-DC1DE3A6BB31}
	EndGlobalSection
EndGlobal
